
Microsoft Visual Studio Solution File, Format Version 12.00
# Visual Studio Version 17
VisualStudioVersion = 17.0.31903.59
MinimumVisualStudioVersion = 10.0.40219.1
Project("{2150E333-8FDC-42A3-9474-1A3956D46DE8}") = "src", "src", "{00F93CE5-E565-4DC1-86AE-C6DE2E09F9CE}"
EndProject
Project("{FAE04EC0-301F-11D3-BF4B-00C04F79EFBC}") = "InventoryTracker.Api", "src\InventoryTracker.Api\InventoryTracker.Api.csproj", "{BDDD98D8-476F-4B5C-823F-801AF613215F}"
EndProject
Project("{2150E333-8FDC-42A3-9474-1A3956D46DE8}") = "tests", "tests", "{6FF630A1-29FB-4CF5-9345-60B33C0AFB24}"
EndProject
Project("{FAE04EC0-301F-11D3-BF4B-00C04F79EFBC}") = "InventoryTracker.Tests", "tests\InventoryTracker.Tests\InventoryTracker.Tests.csproj", "{63E78AAF-8F1B-459A-A33D-55C787A26270}"
EndProject
Global
	GlobalSection(SolutionConfigurationPlatforms) = preSolution
		Debug|Any CPU = Debug|Any CPU
		Release|Any CPU = Release|Any CPU
	EndGlobalSection
	GlobalSection(SolutionProperties) = preSolution
		HideSolutionNode = FALSE
	EndGlobalSection
	GlobalSection(ProjectConfigurationPlatforms) = postSolution
		{BDDD98D8-476F-4B5C-823F-801AF613215F}.Debug|Any CPU.ActiveCfg = Debug|Any CPU
		{BDDD98D8-476F-4B5C-823F-801AF613215F}.Debug|Any CPU.Build.0 = Debug|Any CPU
		{BDDD98D8-476F-4B5C-823F-801AF613215F}.Release|Any CPU.ActiveCfg = Release|Any CPU
		{BDDD98D8-476F-4B5C-823F-801AF613215F}.Release|Any CPU.Build.0 = Release|Any CPU
		{63E78AAF-8F1B-459A-A33D-55C787A26270}.Debug|Any CPU.ActiveCfg = Debug|Any CPU
		{63E78AAF-8F1B-459A-A33D-55C787A26270}.Debug|Any CPU.Build.0 = Debug|Any CPU
		{63E78AAF-8F1B-459A-A33D-55C787A26270}.Release|Any CPU.ActiveCfg = Release|Any CPU
		{63E78AAF-8F1B-459A-A33D-55C787A26270}.Release|Any CPU.Build.0 = Release|Any CPU
	EndGlobalSection
	GlobalSection(NestedProjects) = preSolution
		{BDDD98D8-476F-4B5C-823F-801AF613215F} = {00F93CE5-E565-4DC1-86AE-C6DE2E09F9CE}
		{63E78AAF-8F1B-459A-A33D-55C787A26270} = {6FF630A1-29FB-4CF5-9345-60B33C0AFB24}
	EndGlobalSection
EndGlobal
